
Microsoft Visual Studio Solution File, Format Version 12.00
# Visual Studio Version 17
VisualStudioVersion = 17.14.36414.22 d17.14
MinimumVisualStudioVersion = 10.0.40219.1
Project("{FAE04EC0-301F-11D3-BF4B-00C04F79EFBC}") = "Визуальная новелла", "Визуальная новелла\Визуальная новелла.csproj", "{818A711A-1396-48F8-8CA9-4251117320C9}"
EndProject
Global
	GlobalSection(SolutionConfigurationPlatforms) = preSolution
		Debug|Any CPU = Debug|Any CPU
		Release|Any CPU = Release|Any CPU
	EndGlobalSection
	GlobalSection(ProjectConfigurationPlatforms) = postSolution
		{818A711A-1396-48F8-8CA9-4251117320C9}.Debug|Any CPU.ActiveCfg = Debug|Any CPU
		{818A711A-1396-48F8-8CA9-4251117320C9}.Debug|Any CPU.Build.0 = Debug|Any CPU
		{818A711A-1396-48F8-8CA9-4251117320C9}.Release|Any CPU.ActiveCfg = Release|Any CPU
		{818A711A-1396-48F8-8CA9-4251117320C9}.Release|Any CPU.Build.0 = Release|Any CPU
	EndGlobalSection
	GlobalSection(SolutionProperties) = preSolution
		HideSolutionNode = FALSE
	EndGlobalSection
	GlobalSection(ExtensibilityGlobals) = postSolution
		SolutionGuid = {9BF68794-5CB2-4B56-A77F-8780962BE2E3}
	EndGlobalSection
EndGlobal
